// !$*UTF8*$!
{
	archiveVersion = 1;
	classes = {
	};
	objectVersion = 55;
	objects = {

/* Begin PBXBuildFile section */
		0415E651286163B8004A8D05 /* TabNaviView.swift in Sources */ = {isa = PBXBuildFile; fileRef = 0415E650286163B8004A8D05 /* TabNaviView.swift */; };
		0415E6542861758B004A8D05 /* MyInfoView.swift in Sources */ = {isa = PBXBuildFile; fileRef = 0415E6532861758B004A8D05 /* MyInfoView.swift */; };
		0415E6572861780C004A8D05 /* SplashView.swift in Sources */ = {isa = PBXBuildFile; fileRef = 0415E6562861780C004A8D05 /* SplashView.swift */; };
		0415E6582861780C004A8D05 /* SplashView.swift in Sources */ = {isa = PBXBuildFile; fileRef = 0415E6562861780C004A8D05 /* SplashView.swift */; };
		0466865F286C0D1600FE573B /* FixedPayAreaView.swift in Sources */ = {isa = PBXBuildFile; fileRef = 0466865E286C0D1600FE573B /* FixedPayAreaView.swift */; };
		04813EE1285331090083DDF1 /* Tests_iOS.swift in Sources */ = {isa = PBXBuildFile; fileRef = 04813EE0285331090083DDF1 /* Tests_iOS.swift */; };
		04813EE3285331090083DDF1 /* Tests_iOSLaunchTests.swift in Sources */ = {isa = PBXBuildFile; fileRef = 04813EE2285331090083DDF1 /* Tests_iOSLaunchTests.swift */; };
		04813EED285331090083DDF1 /* Tests_macOS.swift in Sources */ = {isa = PBXBuildFile; fileRef = 04813EEC285331090083DDF1 /* Tests_macOS.swift */; };
		04813EEF285331090083DDF1 /* Tests_macOSLaunchTests.swift in Sources */ = {isa = PBXBuildFile; fileRef = 04813EEE285331090083DDF1 /* Tests_macOSLaunchTests.swift */; };
		04813EF0285331090083DDF1 /* sunbae_appApp.swift in Sources */ = {isa = PBXBuildFile; fileRef = 04813EC8285330FE0083DDF1 /* sunbae_appApp.swift */; };
		04813EF1285331090083DDF1 /* sunbae_appApp.swift in Sources */ = {isa = PBXBuildFile; fileRef = 04813EC8285330FE0083DDF1 /* sunbae_appApp.swift */; };
		04813EF2285331090083DDF1 /* ContentView.swift in Sources */ = {isa = PBXBuildFile; fileRef = 04813EC9285330FE0083DDF1 /* ContentView.swift */; };
		04813EF3285331090083DDF1 /* ContentView.swift in Sources */ = {isa = PBXBuildFile; fileRef = 04813EC9285330FE0083DDF1 /* ContentView.swift */; };
		04813EF4285331090083DDF1 /* Assets.xcassets in Resources */ = {isa = PBXBuildFile; fileRef = 04813ECA285331090083DDF1 /* Assets.xcassets */; };
		04813EF5285331090083DDF1 /* Assets.xcassets in Resources */ = {isa = PBXBuildFile; fileRef = 04813ECA285331090083DDF1 /* Assets.xcassets */; };
		04813F08285338880083DDF1 /* CardInfoData.swift in Sources */ = {isa = PBXBuildFile; fileRef = 04813F07285338880083DDF1 /* CardInfoData.swift */; };
		04813F09285338880083DDF1 /* CardInfoData.swift in Sources */ = {isa = PBXBuildFile; fileRef = 04813F07285338880083DDF1 /* CardInfoData.swift */; };
		04A599E62859E1E700C64D18 /* EmptyListView.swift in Sources */ = {isa = PBXBuildFile; fileRef = 04A599E52859E1E700C64D18 /* EmptyListView.swift */; };
		04C14A5E286EB3550090CD5C /* WalletDetailView.swift in Sources */ = {isa = PBXBuildFile; fileRef = 04C14A5D286EB3550090CD5C /* WalletDetailView.swift */; };
		04F854E028893B8100FA0434 /* SPIndicator in Frameworks */ = {isa = PBXBuildFile; productRef = 04F854DF28893B8100FA0434 /* SPIndicator */; };
		04F854E7288E972500FA0434 /* CloudKit.framework in Frameworks */ = {isa = PBXBuildFile; fileRef = 04F854E6288E972500FA0434 /* CloudKit.framework */; };
		CAC2248E28843341008BA509 /* DutchData.swift in Sources */ = {isa = PBXBuildFile; fileRef = CAC2248D28843341008BA509 /* DutchData.swift */; };
		CAE4D572287DCC1200118284 /* CommonOption.swift in Sources */ = {isa = PBXBuildFile; fileRef = CAE4D571287DCC1200118284 /* CommonOption.swift */; };
		CAE4D5742881A56400118284 /* DutchView.swift in Sources */ = {isa = PBXBuildFile; fileRef = CAE4D5732881A56400118284 /* DutchView.swift */; };
		CAE4D5762881BE4200118284 /* newDuctModel.swift in Sources */ = {isa = PBXBuildFile; fileRef = CAE4D5752881BE4200118284 /* newDuctModel.swift */; };
		CAEC96CF28577C75002CBDF5 /* AssetsView.swift in Sources */ = {isa = PBXBuildFile; fileRef = CAEC96CE28577C75002CBDF5 /* AssetsView.swift */; };
		CAEC96D2285796FB002CBDF5 /* AddItemView.swift in Sources */ = {isa = PBXBuildFile; fileRef = CAEC96D1285796FB002CBDF5 /* AddItemView.swift */; };
		CAEC96D52865B1DB002CBDF5 /* ThemeView.swift in Sources */ = {isa = PBXBuildFile; fileRef = CAEC96D42865B1DB002CBDF5 /* ThemeView.swift */; };
		CAEC96D828674AF8002CBDF5 /* ColorSchemeManager.swift in Sources */ = {isa = PBXBuildFile; fileRef = CAEC96D728674AF8002CBDF5 /* ColorSchemeManager.swift */; };
		CAEC96D928674AF8002CBDF5 /* ColorSchemeManager.swift in Sources */ = {isa = PBXBuildFile; fileRef = CAEC96D728674AF8002CBDF5 /* ColorSchemeManager.swift */; };
		CAEC96DB286780CE002CBDF5 /* ThemeSetting.swift in Sources */ = {isa = PBXBuildFile; fileRef = CAEC96DA286780CE002CBDF5 /* ThemeSetting.swift */; };
		CAEC96DC286780CE002CBDF5 /* ThemeSetting.swift in Sources */ = {isa = PBXBuildFile; fileRef = CAEC96DA286780CE002CBDF5 /* ThemeSetting.swift */; };
		CAEC96E128678B65002CBDF5 /* NavigationBarModifier.swift in Sources */ = {isa = PBXBuildFile; fileRef = CAEC96E028678B65002CBDF5 /* NavigationBarModifier.swift */; };
		CAEC96E228678B65002CBDF5 /* NavigationBarModifier.swift in Sources */ = {isa = PBXBuildFile; fileRef = CAEC96E028678B65002CBDF5 /* NavigationBarModifier.swift */; };
		CAEC96E428697437002CBDF5 /* TopNaviView.swift in Sources */ = {isa = PBXBuildFile; fileRef = CAEC96E328697437002CBDF5 /* TopNaviView.swift */; };
		CAEC96E7286977E1002CBDF5 /* LogoView.swift in Sources */ = {isa = PBXBuildFile; fileRef = CAEC96E6286977E1002CBDF5 /* LogoView.swift */; };
		CAEC96F1287AC615002CBDF5 /* PayCardView.swift in Sources */ = {isa = PBXBuildFile; fileRef = CAEC96F0287AC615002CBDF5 /* PayCardView.swift */; };
		CAEC96F4287AC978002CBDF5 /* PayCardFunctions.swift in Sources */ = {isa = PBXBuildFile; fileRef = CAEC96F3287AC978002CBDF5 /* PayCardFunctions.swift */; };
		CAEC96F6287ACD12002CBDF5 /* payFunc.swift in Sources */ = {isa = PBXBuildFile; fileRef = CAEC96F5287ACD12002CBDF5 /* payFunc.swift */; };
		CAEC96FC287D9AF7002CBDF5 /* DutchPayView.swift in Sources */ = {isa = PBXBuildFile; fileRef = CAEC96FB287D9AF7002CBDF5 /* DutchPayView.swift */; };
		CAEC96FF287DA89C002CBDF5 /* CustomTextViewModel.swift in Sources */ = {isa = PBXBuildFile; fileRef = CAEC96FE287DA89C002CBDF5 /* CustomTextViewModel.swift */; };
		CAEC9701287DADBA002CBDF5 /* DutchPayFunc.swift in Sources */ = {isa = PBXBuildFile; fileRef = CAEC9700287DADBA002CBDF5 /* DutchPayFunc.swift */; };
/* End PBXBuildFile section */

/* Begin PBXContainerItemProxy section */
		04813EDD285331090083DDF1 /* PBXContainerItemProxy */ = {
			isa = PBXContainerItemProxy;
			containerPortal = 04813EC3285330FE0083DDF1 /* Project object */;
			proxyType = 1;
			remoteGlobalIDString = 04813ECE285331090083DDF1;
			remoteInfo = "sunbae_app (iOS)";
		};
		04813EE9285331090083DDF1 /* PBXContainerItemProxy */ = {
			isa = PBXContainerItemProxy;
			containerPortal = 04813EC3285330FE0083DDF1 /* Project object */;
			proxyType = 1;
			remoteGlobalIDString = 04813ED4285331090083DDF1;
			remoteInfo = "sunbae_app (macOS)";
		};
/* End PBXContainerItemProxy section */

/* Begin PBXFileReference section */
		0415E650286163B8004A8D05 /* TabNaviView.swift */ = {isa = PBXFileReference; lastKnownFileType = sourcecode.swift; path = TabNaviView.swift; sourceTree = "<group>"; };
		0415E6532861758B004A8D05 /* MyInfoView.swift */ = {isa = PBXFileReference; lastKnownFileType = sourcecode.swift; path = MyInfoView.swift; sourceTree = "<group>"; };
		0415E6562861780C004A8D05 /* SplashView.swift */ = {isa = PBXFileReference; lastKnownFileType = sourcecode.swift; path = SplashView.swift; sourceTree = "<group>"; };
		0466865E286C0D1600FE573B /* FixedPayAreaView.swift */ = {isa = PBXFileReference; lastKnownFileType = sourcecode.swift; path = FixedPayAreaView.swift; sourceTree = "<group>"; };
		04813EC8285330FE0083DDF1 /* sunbae_appApp.swift */ = {isa = PBXFileReference; lastKnownFileType = sourcecode.swift; path = sunbae_appApp.swift; sourceTree = "<group>"; };
		04813EC9285330FE0083DDF1 /* ContentView.swift */ = {isa = PBXFileReference; lastKnownFileType = sourcecode.swift; path = ContentView.swift; sourceTree = "<group>"; };
		04813ECA285331090083DDF1 /* Assets.xcassets */ = {isa = PBXFileReference; lastKnownFileType = folder.assetcatalog; path = Assets.xcassets; sourceTree = "<group>"; };
		04813ECF285331090083DDF1 /* SSUN&PAY.app */ = {isa = PBXFileReference; explicitFileType = wrapper.application; includeInIndex = 0; path = "SSUN&PAY.app"; sourceTree = BUILT_PRODUCTS_DIR; };
		04813ED5285331090083DDF1 /* sunbae_app.app */ = {isa = PBXFileReference; explicitFileType = wrapper.application; includeInIndex = 0; path = sunbae_app.app; sourceTree = BUILT_PRODUCTS_DIR; };
		04813ED7285331090083DDF1 /* macOS.entitlements */ = {isa = PBXFileReference; lastKnownFileType = text.plist.entitlements; path = macOS.entitlements; sourceTree = "<group>"; };
		04813EDC285331090083DDF1 /* Tests iOS.xctest */ = {isa = PBXFileReference; explicitFileType = wrapper.cfbundle; includeInIndex = 0; path = "Tests iOS.xctest"; sourceTree = BUILT_PRODUCTS_DIR; };
		04813EE0285331090083DDF1 /* Tests_iOS.swift */ = {isa = PBXFileReference; lastKnownFileType = sourcecode.swift; path = Tests_iOS.swift; sourceTree = "<group>"; };
		04813EE2285331090083DDF1 /* Tests_iOSLaunchTests.swift */ = {isa = PBXFileReference; lastKnownFileType = sourcecode.swift; path = Tests_iOSLaunchTests.swift; sourceTree = "<group>"; };
		04813EE8285331090083DDF1 /* Tests macOS.xctest */ = {isa = PBXFileReference; explicitFileType = wrapper.cfbundle; includeInIndex = 0; path = "Tests macOS.xctest"; sourceTree = BUILT_PRODUCTS_DIR; };
		04813EEC285331090083DDF1 /* Tests_macOS.swift */ = {isa = PBXFileReference; lastKnownFileType = sourcecode.swift; path = Tests_macOS.swift; sourceTree = "<group>"; };
		04813EEE285331090083DDF1 /* Tests_macOSLaunchTests.swift */ = {isa = PBXFileReference; lastKnownFileType = sourcecode.swift; path = Tests_macOSLaunchTests.swift; sourceTree = "<group>"; };
		04813F07285338880083DDF1 /* CardInfoData.swift */ = {isa = PBXFileReference; lastKnownFileType = sourcecode.swift; path = CardInfoData.swift; sourceTree = "<group>"; };
		04A599E52859E1E700C64D18 /* EmptyListView.swift */ = {isa = PBXFileReference; lastKnownFileType = sourcecode.swift; path = EmptyListView.swift; sourceTree = "<group>"; };
		04C14A5D286EB3550090CD5C /* WalletDetailView.swift */ = {isa = PBXFileReference; lastKnownFileType = sourcecode.swift; path = WalletDetailView.swift; sourceTree = "<group>"; };
		04F854E4288E955400FA0434 /* sunbae_app (iOS)Release.entitlements */ = {isa = PBXFileReference; lastKnownFileType = text.plist.entitlements; path = "sunbae_app (iOS)Release.entitlements"; sourceTree = "<group>"; };
		04F854E6288E972500FA0434 /* CloudKit.framework */ = {isa = PBXFileReference; lastKnownFileType = wrapper.framework; name = CloudKit.framework; path = Platforms/iPhoneOS.platform/Developer/SDKs/iPhoneOS15.5.sdk/System/Library/Frameworks/CloudKit.framework; sourceTree = DEVELOPER_DIR; };
		04F854E8288E983000FA0434 /* sunbae_app (iOS).entitlements */ = {isa = PBXFileReference; lastKnownFileType = text.plist.entitlements; path = "sunbae_app (iOS).entitlements"; sourceTree = "<group>"; };
		CAC2248D28843341008BA509 /* DutchData.swift */ = {isa = PBXFileReference; lastKnownFileType = sourcecode.swift; path = DutchData.swift; sourceTree = "<group>"; };
		CAE4D571287DCC1200118284 /* CommonOption.swift */ = {isa = PBXFileReference; lastKnownFileType = sourcecode.swift; path = CommonOption.swift; sourceTree = "<group>"; };
		CAE4D5732881A56400118284 /* DutchView.swift */ = {isa = PBXFileReference; lastKnownFileType = sourcecode.swift; path = DutchView.swift; sourceTree = "<group>"; };
		CAE4D5752881BE4200118284 /* newDuctModel.swift */ = {isa = PBXFileReference; lastKnownFileType = sourcecode.swift; path = newDuctModel.swift; sourceTree = "<group>"; };
		CAEC96CE28577C75002CBDF5 /* AssetsView.swift */ = {isa = PBXFileReference; lastKnownFileType = sourcecode.swift; path = AssetsView.swift; sourceTree = "<group>"; };
		CAEC96D1285796FB002CBDF5 /* AddItemView.swift */ = {isa = PBXFileReference; lastKnownFileType = sourcecode.swift; path = AddItemView.swift; sourceTree = "<group>"; };
		CAEC96D42865B1DB002CBDF5 /* ThemeView.swift */ = {isa = PBXFileReference; lastKnownFileType = sourcecode.swift; path = ThemeView.swift; sourceTree = "<group>"; };
		CAEC96D728674AF8002CBDF5 /* ColorSchemeManager.swift */ = {isa = PBXFileReference; lastKnownFileType = sourcecode.swift; path = ColorSchemeManager.swift; sourceTree = "<group>"; };
		CAEC96DA286780CE002CBDF5 /* ThemeSetting.swift */ = {isa = PBXFileReference; lastKnownFileType = sourcecode.swift; path = ThemeSetting.swift; sourceTree = "<group>"; };
		CAEC96E028678B65002CBDF5 /* NavigationBarModifier.swift */ = {isa = PBXFileReference; lastKnownFileType = sourcecode.swift; path = NavigationBarModifier.swift; sourceTree = "<group>"; };
		CAEC96E328697437002CBDF5 /* TopNaviView.swift */ = {isa = PBXFileReference; lastKnownFileType = sourcecode.swift; path = TopNaviView.swift; sourceTree = "<group>"; };
		CAEC96E6286977E1002CBDF5 /* LogoView.swift */ = {isa = PBXFileReference; lastKnownFileType = sourcecode.swift; path = LogoView.swift; sourceTree = "<group>"; };
		CAEC96F0287AC615002CBDF5 /* PayCardView.swift */ = {isa = PBXFileReference; lastKnownFileType = sourcecode.swift; path = PayCardView.swift; sourceTree = "<group>"; };
		CAEC96F3287AC978002CBDF5 /* PayCardFunctions.swift */ = {isa = PBXFileReference; lastKnownFileType = sourcecode.swift; path = PayCardFunctions.swift; sourceTree = "<group>"; };
		CAEC96F5287ACD12002CBDF5 /* payFunc.swift */ = {isa = PBXFileReference; lastKnownFileType = sourcecode.swift; path = payFunc.swift; sourceTree = "<group>"; };
		CAEC96FB287D9AF7002CBDF5 /* DutchPayView.swift */ = {isa = PBXFileReference; lastKnownFileType = sourcecode.swift; path = DutchPayView.swift; sourceTree = "<group>"; };
		CAEC96FE287DA89C002CBDF5 /* CustomTextViewModel.swift */ = {isa = PBXFileReference; lastKnownFileType = sourcecode.swift; path = CustomTextViewModel.swift; sourceTree = "<group>"; };
		CAEC9700287DADBA002CBDF5 /* DutchPayFunc.swift */ = {isa = PBXFileReference; lastKnownFileType = sourcecode.swift; path = DutchPayFunc.swift; sourceTree = "<group>"; };
/* End PBXFileReference section */

/* Begin PBXFrameworksBuildPhase section */
		04813ECC285331090083DDF1 /* Frameworks */ = {
			isa = PBXFrameworksBuildPhase;
			buildActionMask = 2147483647;
			files = (
				04F854E7288E972500FA0434 /* CloudKit.framework in Frameworks */,
				04F854E028893B8100FA0434 /* SPIndicator in Frameworks */,
			);
			runOnlyForDeploymentPostprocessing = 0;
		};
		04813ED2285331090083DDF1 /* Frameworks */ = {
			isa = PBXFrameworksBuildPhase;
			buildActionMask = 2147483647;
			files = (
			);
			runOnlyForDeploymentPostprocessing = 0;
		};
		04813ED9285331090083DDF1 /* Frameworks */ = {
			isa = PBXFrameworksBuildPhase;
			buildActionMask = 2147483647;
			files = (
			);
			runOnlyForDeploymentPostprocessing = 0;
		};
		04813EE5285331090083DDF1 /* Frameworks */ = {
			isa = PBXFrameworksBuildPhase;
			buildActionMask = 2147483647;
			files = (
			);
			runOnlyForDeploymentPostprocessing = 0;
		};
/* End PBXFrameworksBuildPhase section */

/* Begin PBXGroup section */
		04813EC2285330FE0083DDF1 = {
			isa = PBXGroup;
			children = (
				04F854E8288E983000FA0434 /* sunbae_app (iOS).entitlements */,
				04F854E4288E955400FA0434 /* sunbae_app (iOS)Release.entitlements */,
				04813EC7285330FE0083DDF1 /* Shared */,
				04813ED6285331090083DDF1 /* macOS */,
				04813EDF285331090083DDF1 /* Tests iOS */,
				04813EEB285331090083DDF1 /* Tests macOS */,
				04813ED0285331090083DDF1 /* Products */,
				04F854E5288E972500FA0434 /* Frameworks */,
			);
			sourceTree = "<group>";
		};
		04813EC7285330FE0083DDF1 /* Shared */ = {
			isa = PBXGroup;
			children = (
				04813F0A28533ABD0083DDF1 /* Models */,
				04813EC8285330FE0083DDF1 /* sunbae_appApp.swift */,
				04813EC9285330FE0083DDF1 /* ContentView.swift */,
				04813ECA285331090083DDF1 /* Assets.xcassets */,
				CAEC96EF287AC461002CBDF5 /* View */,
				CAEC96F2287AC6AB002CBDF5 /* ViewModel */,
			);
			path = Shared;
			sourceTree = "<group>";
		};
		04813ED0285331090083DDF1 /* Products */ = {
			isa = PBXGroup;
			children = (
				04813ECF285331090083DDF1 /* SSUN&PAY.app */,
				04813ED5285331090083DDF1 /* sunbae_app.app */,
				04813EDC285331090083DDF1 /* Tests iOS.xctest */,
				04813EE8285331090083DDF1 /* Tests macOS.xctest */,
			);
			name = Products;
			sourceTree = "<group>";
		};
		04813ED6285331090083DDF1 /* macOS */ = {
			isa = PBXGroup;
			children = (
				04813ED7285331090083DDF1 /* macOS.entitlements */,
			);
			path = macOS;
			sourceTree = "<group>";
		};
		04813EDF285331090083DDF1 /* Tests iOS */ = {
			isa = PBXGroup;
			children = (
				04813EE0285331090083DDF1 /* Tests_iOS.swift */,
				04813EE2285331090083DDF1 /* Tests_iOSLaunchTests.swift */,
			);
			path = "Tests iOS";
			sourceTree = "<group>";
		};
		04813EEB285331090083DDF1 /* Tests macOS */ = {
			isa = PBXGroup;
			children = (
				04813EEC285331090083DDF1 /* Tests_macOS.swift */,
				04813EEE285331090083DDF1 /* Tests_macOSLaunchTests.swift */,
			);
			path = "Tests macOS";
			sourceTree = "<group>";
		};
		04813F0A28533ABD0083DDF1 /* Models */ = {
			isa = PBXGroup;
			children = (
				04813F07285338880083DDF1 /* CardInfoData.swift */,
				0415E6562861780C004A8D05 /* SplashView.swift */,
				CAEC96D728674AF8002CBDF5 /* ColorSchemeManager.swift */,
				CAEC96DA286780CE002CBDF5 /* ThemeSetting.swift */,
				CAEC96E028678B65002CBDF5 /* NavigationBarModifier.swift */,
			);
			path = Models;
			sourceTree = "<group>";
		};
		04F854E5288E972500FA0434 /* Frameworks */ = {
			isa = PBXGroup;
			children = (
				04F854E6288E972500FA0434 /* CloudKit.framework */,
			);
			name = Frameworks;
			sourceTree = "<group>";
		};
		CAC2248C2884331F008BA509 /* DutchData */ = {
			isa = PBXGroup;
			children = (
				CAC2248D28843341008BA509 /* DutchData.swift */,
			);
			path = DutchData;
			sourceTree = "<group>";
		};
		CAE4D570287DCBFD00118284 /* Common */ = {
			isa = PBXGroup;
			children = (
				CAE4D571287DCC1200118284 /* CommonOption.swift */,
			);
			path = Common;
			sourceTree = "<group>";
		};
		CAEC96EF287AC461002CBDF5 /* View */ = {
			isa = PBXGroup;
			children = (
				CAEC96F8287D9A56002CBDF5 /* Common */,
				CAEC96F7287D9A38002CBDF5 /* AssetsTab */,
				CAEC96FA287D9ADF002CBDF5 /* DutchPay */,
				CAEC96F9287D9A72002CBDF5 /* MyInfo */,
			);
			path = View;
			sourceTree = "<group>";
		};
		CAEC96F2287AC6AB002CBDF5 /* ViewModel */ = {
			isa = PBXGroup;
			children = (
				CAC2248C2884331F008BA509 /* DutchData */,
				CAE4D570287DCBFD00118284 /* Common */,
				CAEC96FD287DA85B002CBDF5 /* CustomView */,
				CAEC96F3287AC978002CBDF5 /* PayCardFunctions.swift */,
				CAEC96F5287ACD12002CBDF5 /* payFunc.swift */,
				CAEC9700287DADBA002CBDF5 /* DutchPayFunc.swift */,
			);
			path = ViewModel;
			sourceTree = "<group>";
		};
		CAEC96F7287D9A38002CBDF5 /* AssetsTab */ = {
			isa = PBXGroup;
			children = (
				0466865E286C0D1600FE573B /* FixedPayAreaView.swift */,
				04C14A5D286EB3550090CD5C /* WalletDetailView.swift */,
				CAEC96CE28577C75002CBDF5 /* AssetsView.swift */,
				CAEC96F0287AC615002CBDF5 /* PayCardView.swift */,
				CAEC96D1285796FB002CBDF5 /* AddItemView.swift */,
				04A599E52859E1E700C64D18 /* EmptyListView.swift */,
			);
			path = AssetsTab;
			sourceTree = "<group>";
		};
		CAEC96F8287D9A56002CBDF5 /* Common */ = {
			isa = PBXGroup;
			children = (
				CAEC96E6286977E1002CBDF5 /* LogoView.swift */,
				CAEC96E328697437002CBDF5 /* TopNaviView.swift */,
				0415E650286163B8004A8D05 /* TabNaviView.swift */,
			);
			path = Common;
			sourceTree = "<group>";
		};
		CAEC96F9287D9A72002CBDF5 /* MyInfo */ = {
			isa = PBXGroup;
			children = (
				0415E6532861758B004A8D05 /* MyInfoView.swift */,
				CAEC96D42865B1DB002CBDF5 /* ThemeView.swift */,
			);
			path = MyInfo;
			sourceTree = "<group>";
		};
		CAEC96FA287D9ADF002CBDF5 /* DutchPay */ = {
			isa = PBXGroup;
			children = (
				CAEC96FB287D9AF7002CBDF5 /* DutchPayView.swift */,
				CAE4D5732881A56400118284 /* DutchView.swift */,
			);
			path = DutchPay;
			sourceTree = "<group>";
		};
		CAEC96FD287DA85B002CBDF5 /* CustomView */ = {
			isa = PBXGroup;
			children = (
				CAEC96FE287DA89C002CBDF5 /* CustomTextViewModel.swift */,
				CAE4D5752881BE4200118284 /* newDuctModel.swift */,
			);
			path = CustomView;
			sourceTree = "<group>";
		};
/* End PBXGroup section */

/* Begin PBXNativeTarget section */
		04813ECE285331090083DDF1 /* sunbae_app (iOS) */ = {
			isa = PBXNativeTarget;
			buildConfigurationList = 04813EF8285331090083DDF1 /* Build configuration list for PBXNativeTarget "sunbae_app (iOS)" */;
			buildPhases = (
				04813ECB285331090083DDF1 /* Sources */,
				04813ECC285331090083DDF1 /* Frameworks */,
				04813ECD285331090083DDF1 /* Resources */,
			);
			buildRules = (
			);
			dependencies = (
			);
			name = "sunbae_app (iOS)";
			packageProductDependencies = (
				04F854DF28893B8100FA0434 /* SPIndicator */,
			);
			productName = "sunbae_app (iOS)";
			productReference = 04813ECF285331090083DDF1 /* SSUN&PAY.app */;
			productType = "com.apple.product-type.application";
		};
		04813ED4285331090083DDF1 /* sunbae_app (macOS) */ = {
			isa = PBXNativeTarget;
			buildConfigurationList = 04813EFB285331090083DDF1 /* Build configuration list for PBXNativeTarget "sunbae_app (macOS)" */;
			buildPhases = (
				04813ED1285331090083DDF1 /* Sources */,
				04813ED2285331090083DDF1 /* Frameworks */,
				04813ED3285331090083DDF1 /* Resources */,
			);
			buildRules = (
			);
			dependencies = (
			);
			name = "sunbae_app (macOS)";
			productName = "sunbae_app (macOS)";
			productReference = 04813ED5285331090083DDF1 /* sunbae_app.app */;
			productType = "com.apple.product-type.application";
		};
		04813EDB285331090083DDF1 /* Tests iOS */ = {
			isa = PBXNativeTarget;
			buildConfigurationList = 04813EFE285331090083DDF1 /* Build configuration list for PBXNativeTarget "Tests iOS" */;
			buildPhases = (
				04813ED8285331090083DDF1 /* Sources */,
				04813ED9285331090083DDF1 /* Frameworks */,
				04813EDA285331090083DDF1 /* Resources */,
			);
			buildRules = (
			);
			dependencies = (
				04813EDE285331090083DDF1 /* PBXTargetDependency */,
			);
			name = "Tests iOS";
			productName = "Tests iOS";
			productReference = 04813EDC285331090083DDF1 /* Tests iOS.xctest */;
			productType = "com.apple.product-type.bundle.ui-testing";
		};
		04813EE7285331090083DDF1 /* Tests macOS */ = {
			isa = PBXNativeTarget;
			buildConfigurationList = 04813F01285331090083DDF1 /* Build configuration list for PBXNativeTarget "Tests macOS" */;
			buildPhases = (
				04813EE4285331090083DDF1 /* Sources */,
				04813EE5285331090083DDF1 /* Frameworks */,
				04813EE6285331090083DDF1 /* Resources */,
			);
			buildRules = (
			);
			dependencies = (
				04813EEA285331090083DDF1 /* PBXTargetDependency */,
			);
			name = "Tests macOS";
			productName = "Tests macOS";
			productReference = 04813EE8285331090083DDF1 /* Tests macOS.xctest */;
			productType = "com.apple.product-type.bundle.ui-testing";
		};
/* End PBXNativeTarget section */

/* Begin PBXProject section */
		04813EC3285330FE0083DDF1 /* Project object */ = {
			isa = PBXProject;
			attributes = {
				BuildIndependentTargetsInParallel = 1;
				LastSwiftUpdateCheck = 1340;
				LastUpgradeCheck = 1340;
				TargetAttributes = {
					04813ECE285331090083DDF1 = {
						CreatedOnToolsVersion = 13.4.1;
					};
					04813ED4285331090083DDF1 = {
						CreatedOnToolsVersion = 13.4.1;
					};
					04813EDB285331090083DDF1 = {
						CreatedOnToolsVersion = 13.4.1;
						TestTargetID = 04813ECE285331090083DDF1;
					};
					04813EE7285331090083DDF1 = {
						CreatedOnToolsVersion = 13.4.1;
						TestTargetID = 04813ED4285331090083DDF1;
					};
				};
			};
			buildConfigurationList = 04813EC6285330FE0083DDF1 /* Build configuration list for PBXProject "sunbae_app" */;
			compatibilityVersion = "Xcode 13.0";
			developmentRegion = en;
			hasScannedForEncodings = 0;
			knownRegions = (
				en,
				Base,
			);
			mainGroup = 04813EC2285330FE0083DDF1;
			packageReferences = (
				04F854DE28893B8100FA0434 /* XCRemoteSwiftPackageReference "SPIndicator" */,
			);
			productRefGroup = 04813ED0285331090083DDF1 /* Products */;
			projectDirPath = "";
			projectRoot = "";
			targets = (
				04813ECE285331090083DDF1 /* sunbae_app (iOS) */,
				04813ED4285331090083DDF1 /* sunbae_app (macOS) */,
				04813EDB285331090083DDF1 /* Tests iOS */,
				04813EE7285331090083DDF1 /* Tests macOS */,
			);
		};
/* End PBXProject section */

/* Begin PBXResourcesBuildPhase section */
		04813ECD285331090083DDF1 /* Resources */ = {
			isa = PBXResourcesBuildPhase;
			buildActionMask = 2147483647;
			files = (
				04813EF4285331090083DDF1 /* Assets.xcassets in Resources */,
			);
			runOnlyForDeploymentPostprocessing = 0;
		};
		04813ED3285331090083DDF1 /* Resources */ = {
			isa = PBXResourcesBuildPhase;
			buildActionMask = 2147483647;
			files = (
				04813EF5285331090083DDF1 /* Assets.xcassets in Resources */,
			);
			runOnlyForDeploymentPostprocessing = 0;
		};
		04813EDA285331090083DDF1 /* Resources */ = {
			isa = PBXResourcesBuildPhase;
			buildActionMask = 2147483647;
			files = (
			);
			runOnlyForDeploymentPostprocessing = 0;
		};
		04813EE6285331090083DDF1 /* Resources */ = {
			isa = PBXResourcesBuildPhase;
			buildActionMask = 2147483647;
			files = (
			);
			runOnlyForDeploymentPostprocessing = 0;
		};
/* End PBXResourcesBuildPhase section */

/* Begin PBXSourcesBuildPhase section */
		04813ECB285331090083DDF1 /* Sources */ = {
			isa = PBXSourcesBuildPhase;
			buildActionMask = 2147483647;
			files = (
				CAEC96F4287AC978002CBDF5 /* PayCardFunctions.swift in Sources */,
				0415E6542861758B004A8D05 /* MyInfoView.swift in Sources */,
				0415E651286163B8004A8D05 /* TabNaviView.swift in Sources */,
				04C14A5E286EB3550090CD5C /* WalletDetailView.swift in Sources */,
				CAEC96DB286780CE002CBDF5 /* ThemeSetting.swift in Sources */,
				04813EF2285331090083DDF1 /* ContentView.swift in Sources */,
				CAEC96FC287D9AF7002CBDF5 /* DutchPayView.swift in Sources */,
				CAEC96E428697437002CBDF5 /* TopNaviView.swift in Sources */,
				CAEC96E7286977E1002CBDF5 /* LogoView.swift in Sources */,
				CAEC96F6287ACD12002CBDF5 /* payFunc.swift in Sources */,
				CAEC96F1287AC615002CBDF5 /* PayCardView.swift in Sources */,
				CAEC96CF28577C75002CBDF5 /* AssetsView.swift in Sources */,
				04813F08285338880083DDF1 /* CardInfoData.swift in Sources */,
				04813EF0285331090083DDF1 /* sunbae_appApp.swift in Sources */,
				CAEC96E128678B65002CBDF5 /* NavigationBarModifier.swift in Sources */,
				CAE4D572287DCC1200118284 /* CommonOption.swift in Sources */,
				04A599E62859E1E700C64D18 /* EmptyListView.swift in Sources */,
				CAEC96D2285796FB002CBDF5 /* AddItemView.swift in Sources */,
				CAE4D5762881BE4200118284 /* newDuctModel.swift in Sources */,
				CAEC96D52865B1DB002CBDF5 /* ThemeView.swift in Sources */,
				CAE4D5742881A56400118284 /* DutchView.swift in Sources */,
				CAEC96D828674AF8002CBDF5 /* ColorSchemeManager.swift in Sources */,
				0415E6572861780C004A8D05 /* SplashView.swift in Sources */,
				CAEC9701287DADBA002CBDF5 /* DutchPayFunc.swift in Sources */,
				CAEC96FF287DA89C002CBDF5 /* CustomTextViewModel.swift in Sources */,
				0466865F286C0D1600FE573B /* FixedPayAreaView.swift in Sources */,
				CAC2248E28843341008BA509 /* DutchData.swift in Sources */,
			);
			runOnlyForDeploymentPostprocessing = 0;
		};
		04813ED1285331090083DDF1 /* Sources */ = {
			isa = PBXSourcesBuildPhase;
			buildActionMask = 2147483647;
			files = (
				CAEC96DC286780CE002CBDF5 /* ThemeSetting.swift in Sources */,
				04813EF3285331090083DDF1 /* ContentView.swift in Sources */,
				04813F09285338880083DDF1 /* CardInfoData.swift in Sources */,
				04813EF1285331090083DDF1 /* sunbae_appApp.swift in Sources */,
				CAEC96E228678B65002CBDF5 /* NavigationBarModifier.swift in Sources */,
				CAEC96D928674AF8002CBDF5 /* ColorSchemeManager.swift in Sources */,
				0415E6582861780C004A8D05 /* SplashView.swift in Sources */,
			);
			runOnlyForDeploymentPostprocessing = 0;
		};
		04813ED8285331090083DDF1 /* Sources */ = {
			isa = PBXSourcesBuildPhase;
			buildActionMask = 2147483647;
			files = (
				04813EE3285331090083DDF1 /* Tests_iOSLaunchTests.swift in Sources */,
				04813EE1285331090083DDF1 /* Tests_iOS.swift in Sources */,
			);
			runOnlyForDeploymentPostprocessing = 0;
		};
		04813EE4285331090083DDF1 /* Sources */ = {
			isa = PBXSourcesBuildPhase;
			buildActionMask = 2147483647;
			files = (
				04813EEF285331090083DDF1 /* Tests_macOSLaunchTests.swift in Sources */,
				04813EED285331090083DDF1 /* Tests_macOS.swift in Sources */,
			);
			runOnlyForDeploymentPostprocessing = 0;
		};
/* End PBXSourcesBuildPhase section */

/* Begin PBXTargetDependency section */
		04813EDE285331090083DDF1 /* PBXTargetDependency */ = {
			isa = PBXTargetDependency;
			target = 04813ECE285331090083DDF1 /* sunbae_app (iOS) */;
			targetProxy = 04813EDD285331090083DDF1 /* PBXContainerItemProxy */;
		};
		04813EEA285331090083DDF1 /* PBXTargetDependency */ = {
			isa = PBXTargetDependency;
			target = 04813ED4285331090083DDF1 /* sunbae_app (macOS) */;
			targetProxy = 04813EE9285331090083DDF1 /* PBXContainerItemProxy */;
		};
/* End PBXTargetDependency section */

/* Begin XCBuildConfiguration section */
		04813EF6285331090083DDF1 /* Debug */ = {
			isa = XCBuildConfiguration;
			buildSettings = {
				ALWAYS_SEARCH_USER_PATHS = NO;
				CLANG_ANALYZER_NONNULL = YES;
				CLANG_ANALYZER_NUMBER_OBJECT_CONVERSION = YES_AGGRESSIVE;
				CLANG_CXX_LANGUAGE_STANDARD = "gnu++17";
				CLANG_ENABLE_MODULES = YES;
				CLANG_ENABLE_OBJC_ARC = YES;
				CLANG_ENABLE_OBJC_WEAK = YES;
				CLANG_WARN_BLOCK_CAPTURE_AUTORELEASING = YES;
				CLANG_WARN_BOOL_CONVERSION = YES;
				CLANG_WARN_COMMA = YES;
				CLANG_WARN_CONSTANT_CONVERSION = YES;
				CLANG_WARN_DEPRECATED_OBJC_IMPLEMENTATIONS = YES;
				CLANG_WARN_DIRECT_OBJC_ISA_USAGE = YES_ERROR;
				CLANG_WARN_DOCUMENTATION_COMMENTS = YES;
				CLANG_WARN_EMPTY_BODY = YES;
				CLANG_WARN_ENUM_CONVERSION = YES;
				CLANG_WARN_INFINITE_RECURSION = YES;
				CLANG_WARN_INT_CONVERSION = YES;
				CLANG_WARN_NON_LITERAL_NULL_CONVERSION = YES;
				CLANG_WARN_OBJC_IMPLICIT_RETAIN_SELF = YES;
				CLANG_WARN_OBJC_LITERAL_CONVERSION = YES;
				CLANG_WARN_OBJC_ROOT_CLASS = YES_ERROR;
				CLANG_WARN_QUOTED_INCLUDE_IN_FRAMEWORK_HEADER = YES;
				CLANG_WARN_RANGE_LOOP_ANALYSIS = YES;
				CLANG_WARN_STRICT_PROTOTYPES = YES;
				CLANG_WARN_SUSPICIOUS_MOVE = YES;
				CLANG_WARN_UNGUARDED_AVAILABILITY = YES_AGGRESSIVE;
				CLANG_WARN_UNREACHABLE_CODE = YES;
				CLANG_WARN__DUPLICATE_METHOD_MATCH = YES;
				COPY_PHASE_STRIP = NO;
				DEBUG_INFORMATION_FORMAT = dwarf;
				ENABLE_STRICT_OBJC_MSGSEND = YES;
				ENABLE_TESTABILITY = YES;
				GCC_C_LANGUAGE_STANDARD = gnu11;
				GCC_DYNAMIC_NO_PIC = NO;
				GCC_NO_COMMON_BLOCKS = YES;
				GCC_OPTIMIZATION_LEVEL = 0;
				GCC_PREPROCESSOR_DEFINITIONS = (
					"DEBUG=1",
					"$(inherited)",
				);
				GCC_WARN_64_TO_32_BIT_CONVERSION = YES;
				GCC_WARN_ABOUT_RETURN_TYPE = YES_ERROR;
				GCC_WARN_UNDECLARED_SELECTOR = YES;
				GCC_WARN_UNINITIALIZED_AUTOS = YES_AGGRESSIVE;
				GCC_WARN_UNUSED_FUNCTION = YES;
				GCC_WARN_UNUSED_VARIABLE = YES;
				MTL_ENABLE_DEBUG_INFO = INCLUDE_SOURCE;
				MTL_FAST_MATH = YES;
				ONLY_ACTIVE_ARCH = YES;
				SWIFT_ACTIVE_COMPILATION_CONDITIONS = DEBUG;
				SWIFT_OPTIMIZATION_LEVEL = "-Onone";
			};
			name = Debug;
		};
		04813EF7285331090083DDF1 /* Release */ = {
			isa = XCBuildConfiguration;
			buildSettings = {
				ALWAYS_SEARCH_USER_PATHS = NO;
				CLANG_ANALYZER_NONNULL = YES;
				CLANG_ANALYZER_NUMBER_OBJECT_CONVERSION = YES_AGGRESSIVE;
				CLANG_CXX_LANGUAGE_STANDARD = "gnu++17";
				CLANG_ENABLE_MODULES = YES;
				CLANG_ENABLE_OBJC_ARC = YES;
				CLANG_ENABLE_OBJC_WEAK = YES;
				CLANG_WARN_BLOCK_CAPTURE_AUTORELEASING = YES;
				CLANG_WARN_BOOL_CONVERSION = YES;
				CLANG_WARN_COMMA = YES;
				CLANG_WARN_CONSTANT_CONVERSION = YES;
				CLANG_WARN_DEPRECATED_OBJC_IMPLEMENTATIONS = YES;
				CLANG_WARN_DIRECT_OBJC_ISA_USAGE = YES_ERROR;
				CLANG_WARN_DOCUMENTATION_COMMENTS = YES;
				CLANG_WARN_EMPTY_BODY = YES;
				CLANG_WARN_ENUM_CONVERSION = YES;
				CLANG_WARN_INFINITE_RECURSION = YES;
				CLANG_WARN_INT_CONVERSION = YES;
				CLANG_WARN_NON_LITERAL_NULL_CONVERSION = YES;
				CLANG_WARN_OBJC_IMPLICIT_RETAIN_SELF = YES;
				CLANG_WARN_OBJC_LITERAL_CONVERSION = YES;
				CLANG_WARN_OBJC_ROOT_CLASS = YES_ERROR;
				CLANG_WARN_QUOTED_INCLUDE_IN_FRAMEWORK_HEADER = YES;
				CLANG_WARN_RANGE_LOOP_ANALYSIS = YES;
				CLANG_WARN_STRICT_PROTOTYPES = YES;
				CLANG_WARN_SUSPICIOUS_MOVE = YES;
				CLANG_WARN_UNGUARDED_AVAILABILITY = YES_AGGRESSIVE;
				CLANG_WARN_UNREACHABLE_CODE = YES;
				CLANG_WARN__DUPLICATE_METHOD_MATCH = YES;
				COPY_PHASE_STRIP = NO;
				DEBUG_INFORMATION_FORMAT = "dwarf-with-dsym";
				ENABLE_NS_ASSERTIONS = NO;
				ENABLE_STRICT_OBJC_MSGSEND = YES;
				GCC_C_LANGUAGE_STANDARD = gnu11;
				GCC_NO_COMMON_BLOCKS = YES;
				GCC_WARN_64_TO_32_BIT_CONVERSION = YES;
				GCC_WARN_ABOUT_RETURN_TYPE = YES_ERROR;
				GCC_WARN_UNDECLARED_SELECTOR = YES;
				GCC_WARN_UNINITIALIZED_AUTOS = YES_AGGRESSIVE;
				GCC_WARN_UNUSED_FUNCTION = YES;
				GCC_WARN_UNUSED_VARIABLE = YES;
				MTL_ENABLE_DEBUG_INFO = NO;
				MTL_FAST_MATH = YES;
				SWIFT_COMPILATION_MODE = wholemodule;
				SWIFT_OPTIMIZATION_LEVEL = "-O";
			};
			name = Release;
		};
		04813EF9285331090083DDF1 /* Debug */ = {
			isa = XCBuildConfiguration;
			buildSettings = {
				ASSETCATALOG_COMPILER_APPICON_NAME = AppIcon;
				ASSETCATALOG_COMPILER_GLOBAL_ACCENT_COLOR_NAME = AccentColor;
				CODE_SIGN_ENTITLEMENTS = "sunbae_app (iOS).entitlements";
				CODE_SIGN_STYLE = Automatic;
				CURRENT_PROJECT_VERSION = 1.1.5;
				DEVELOPMENT_TEAM = T65P9D58JD;
				ENABLE_PREVIEWS = YES;
				GENERATE_INFOPLIST_FILE = YES;
				INFOPLIST_KEY_UIApplicationSceneManifest_Generation = YES;
				INFOPLIST_KEY_UIApplicationSupportsIndirectInputEvents = YES;
				INFOPLIST_KEY_UILaunchScreen_Generation = YES;
				INFOPLIST_KEY_UISupportedInterfaceOrientations_iPad = "UIInterfaceOrientationPortrait UIInterfaceOrientationPortraitUpsideDown UIInterfaceOrientationLandscapeLeft UIInterfaceOrientationLandscapeRight";
				INFOPLIST_KEY_UISupportedInterfaceOrientations_iPhone = "UIInterfaceOrientationPortrait UIInterfaceOrientationLandscapeLeft UIInterfaceOrientationLandscapeRight";
				IPHONEOS_DEPLOYMENT_TARGET = 15.0;
				LD_RUNPATH_SEARCH_PATHS = (
					"$(inherited)",
					"@executable_path/Frameworks",
				);
				MARKETING_VERSION = 1.1.5;
				PRODUCT_BUNDLE_IDENTIFIER = "sun.sunbae-app";
				PRODUCT_NAME = "SSUN&PAY";
				SDKROOT = iphoneos;
				SWIFT_EMIT_LOC_STRINGS = YES;
				SWIFT_VERSION = 5.0;
				TARGETED_DEVICE_FAMILY = "1,2";
			};
			name = Debug;
		};
		04813EFA285331090083DDF1 /* Release */ = {
			isa = XCBuildConfiguration;
			buildSettings = {
				ASSETCATALOG_COMPILER_APPICON_NAME = AppIcon;
				ASSETCATALOG_COMPILER_GLOBAL_ACCENT_COLOR_NAME = AccentColor;
				CODE_SIGN_ENTITLEMENTS = "sunbae_app (iOS)Release.entitlements";
				CODE_SIGN_STYLE = Automatic;
				CURRENT_PROJECT_VERSION = 1.1.5;
				DEVELOPMENT_TEAM = T65P9D58JD;
				ENABLE_PREVIEWS = YES;
				GENERATE_INFOPLIST_FILE = YES;
				INFOPLIST_KEY_UIApplicationSceneManifest_Generation = YES;
				INFOPLIST_KEY_UIApplicationSupportsIndirectInputEvents = YES;
				INFOPLIST_KEY_UILaunchScreen_Generation = YES;
				INFOPLIST_KEY_UISupportedInterfaceOrientations_iPad = "UIInterfaceOrientationPortrait UIInterfaceOrientationPortraitUpsideDown UIInterfaceOrientationLandscapeLeft UIInterfaceOrientationLandscapeRight";
				INFOPLIST_KEY_UISupportedInterfaceOrientations_iPhone = "UIInterfaceOrientationPortrait UIInterfaceOrientationLandscapeLeft UIInterfaceOrientationLandscapeRight";
				IPHONEOS_DEPLOYMENT_TARGET = 15.0;
				LD_RUNPATH_SEARCH_PATHS = (
					"$(inherited)",
					"@executable_path/Frameworks",
				);
				MARKETING_VERSION = 1.1.5;
				PRODUCT_BUNDLE_IDENTIFIER = "sun.sunbae-app";
				PRODUCT_NAME = "SSUN&PAY";
				SDKROOT = iphoneos;
				SWIFT_EMIT_LOC_STRINGS = YES;
				SWIFT_VERSION = 5.0;
				TARGETED_DEVICE_FAMILY = "1,2";
				VALIDATE_PRODUCT = YES;
			};
			name = Release;
		};
		04813EFC285331090083DDF1 /* Debug */ = {
			isa = XCBuildConfiguration;
			buildSettings = {
				ASSETCATALOG_COMPILER_APPICON_NAME = AppIcon;
				ASSETCATALOG_COMPILER_GLOBAL_ACCENT_COLOR_NAME = AccentColor;
				CODE_SIGN_ENTITLEMENTS = macOS/macOS.entitlements;
				CODE_SIGN_STYLE = Automatic;
				COMBINE_HIDPI_IMAGES = YES;
				CURRENT_PROJECT_VERSION = 1;
				ENABLE_PREVIEWS = YES;
				GENERATE_INFOPLIST_FILE = YES;
				INFOPLIST_KEY_NSHumanReadableCopyright = "";
				LD_RUNPATH_SEARCH_PATHS = (
					"$(inherited)",
					"@executable_path/../Frameworks",
				);
				MACOSX_DEPLOYMENT_TARGET = 12.3;
				MARKETING_VERSION = 1.0;
				PRODUCT_BUNDLE_IDENTIFIER = "sun.sunbae-app";
				PRODUCT_NAME = sunbae_app;
				SDKROOT = macosx;
				SWIFT_EMIT_LOC_STRINGS = YES;
				SWIFT_VERSION = 5.0;
			};
			name = Debug;
		};
		04813EFD285331090083DDF1 /* Release */ = {
			isa = XCBuildConfiguration;
			buildSettings = {
				ASSETCATALOG_COMPILER_APPICON_NAME = AppIcon;
				ASSETCATALOG_COMPILER_GLOBAL_ACCENT_COLOR_NAME = AccentColor;
				CODE_SIGN_ENTITLEMENTS = macOS/macOS.entitlements;
				CODE_SIGN_STYLE = Automatic;
				COMBINE_HIDPI_IMAGES = YES;
				CURRENT_PROJECT_VERSION = 1;
				ENABLE_PREVIEWS = YES;
				GENERATE_INFOPLIST_FILE = YES;
				INFOPLIST_KEY_NSHumanReadableCopyright = "";
				LD_RUNPATH_SEARCH_PATHS = (
					"$(inherited)",
					"@executable_path/../Frameworks",
				);
				MACOSX_DEPLOYMENT_TARGET = 12.3;
				MARKETING_VERSION = 1.0;
				PRODUCT_BUNDLE_IDENTIFIER = "sun.sunbae-app";
				PRODUCT_NAME = sunbae_app;
				SDKROOT = macosx;
				SWIFT_EMIT_LOC_STRINGS = YES;
				SWIFT_VERSION = 5.0;
			};
			name = Release;
		};
		04813EFF285331090083DDF1 /* Debug */ = {
			isa = XCBuildConfiguration;
			buildSettings = {
				ALWAYS_EMBED_SWIFT_STANDARD_LIBRARIES = YES;
				CODE_SIGN_STYLE = Automatic;
				CURRENT_PROJECT_VERSION = 1;
				GENERATE_INFOPLIST_FILE = YES;
				IPHONEOS_DEPLOYMENT_TARGET = 15.5;
				MARKETING_VERSION = 1.0;
				PRODUCT_BUNDLE_IDENTIFIER = "sun.Tests-iOS";
				PRODUCT_NAME = "$(TARGET_NAME)";
				SDKROOT = iphoneos;
				SWIFT_EMIT_LOC_STRINGS = NO;
				SWIFT_VERSION = 5.0;
				TARGETED_DEVICE_FAMILY = "1,2";
				TEST_TARGET_NAME = "sunbae_app (iOS)";
			};
			name = Debug;
		};
		04813F00285331090083DDF1 /* Release */ = {
			isa = XCBuildConfiguration;
			buildSettings = {
				ALWAYS_EMBED_SWIFT_STANDARD_LIBRARIES = YES;
				CODE_SIGN_STYLE = Automatic;
				CURRENT_PROJECT_VERSION = 1;
				GENERATE_INFOPLIST_FILE = YES;
				IPHONEOS_DEPLOYMENT_TARGET = 15.5;
				MARKETING_VERSION = 1.0;
				PRODUCT_BUNDLE_IDENTIFIER = "sun.Tests-iOS";
				PRODUCT_NAME = "$(TARGET_NAME)";
				SDKROOT = iphoneos;
				SWIFT_EMIT_LOC_STRINGS = NO;
				SWIFT_VERSION = 5.0;
				TARGETED_DEVICE_FAMILY = "1,2";
				TEST_TARGET_NAME = "sunbae_app (iOS)";
				VALIDATE_PRODUCT = YES;
			};
			name = Release;
		};
		04813F02285331090083DDF1 /* Debug */ = {
			isa = XCBuildConfiguration;
			buildSettings = {
				ALWAYS_EMBED_SWIFT_STANDARD_LIBRARIES = YES;
				CODE_SIGN_STYLE = Automatic;
				CURRENT_PROJECT_VERSION = 1;
				GENERATE_INFOPLIST_FILE = YES;
				MACOSX_DEPLOYMENT_TARGET = 12.3;
				MARKETING_VERSION = 1.0;
				PRODUCT_BUNDLE_IDENTIFIER = "sun.Tests-macOS";
				PRODUCT_NAME = "$(TARGET_NAME)";
				SDKROOT = macosx;
				SWIFT_EMIT_LOC_STRINGS = NO;
				SWIFT_VERSION = 5.0;
				TEST_TARGET_NAME = "sunbae_app (macOS)";
			};
			name = Debug;
		};
		04813F03285331090083DDF1 /* Release */ = {
			isa = XCBuildConfiguration;
			buildSettings = {
				ALWAYS_EMBED_SWIFT_STANDARD_LIBRARIES = YES;
				CODE_SIGN_STYLE = Automatic;
				CURRENT_PROJECT_VERSION = 1;
				GENERATE_INFOPLIST_FILE = YES;
				MACOSX_DEPLOYMENT_TARGET = 12.3;
				MARKETING_VERSION = 1.0;
				PRODUCT_BUNDLE_IDENTIFIER = "sun.Tests-macOS";
				PRODUCT_NAME = "$(TARGET_NAME)";
				SDKROOT = macosx;
				SWIFT_EMIT_LOC_STRINGS = NO;
				SWIFT_VERSION = 5.0;
				TEST_TARGET_NAME = "sunbae_app (macOS)";
			};
			name = Release;
		};
/* End XCBuildConfiguration section */

/* Begin XCConfigurationList section */
		04813EC6285330FE0083DDF1 /* Build configuration list for PBXProject "sunbae_app" */ = {
			isa = XCConfigurationList;
			buildConfigurations = (
				04813EF6285331090083DDF1 /* Debug */,
				04813EF7285331090083DDF1 /* Release */,
			);
			defaultConfigurationIsVisible = 0;
			defaultConfigurationName = Release;
		};
		04813EF8285331090083DDF1 /* Build configuration list for PBXNativeTarget "sunbae_app (iOS)" */ = {
			isa = XCConfigurationList;
			buildConfigurations = (
				04813EF9285331090083DDF1 /* Debug */,
				04813EFA285331090083DDF1 /* Release */,
			);
			defaultConfigurationIsVisible = 0;
			defaultConfigurationName = Release;
		};
		04813EFB285331090083DDF1 /* Build configuration list for PBXNativeTarget "sunbae_app (macOS)" */ = {
			isa = XCConfigurationList;
			buildConfigurations = (
				04813EFC285331090083DDF1 /* Debug */,
				04813EFD285331090083DDF1 /* Release */,
			);
			defaultConfigurationIsVisible = 0;
			defaultConfigurationName = Release;
		};
		04813EFE285331090083DDF1 /* Build configuration list for PBXNativeTarget "Tests iOS" */ = {
			isa = XCConfigurationList;
			buildConfigurations = (
				04813EFF285331090083DDF1 /* Debug */,
				04813F00285331090083DDF1 /* Release */,
			);
			defaultConfigurationIsVisible = 0;
			defaultConfigurationName = Release;
		};
		04813F01285331090083DDF1 /* Build configuration list for PBXNativeTarget "Tests macOS" */ = {
			isa = XCConfigurationList;
			buildConfigurations = (
				04813F02285331090083DDF1 /* Debug */,
				04813F03285331090083DDF1 /* Release */,
			);
			defaultConfigurationIsVisible = 0;
			defaultConfigurationName = Release;
		};
/* End XCConfigurationList section */

/* Begin XCRemoteSwiftPackageReference section */
		04F854DE28893B8100FA0434 /* XCRemoteSwiftPackageReference "SPIndicator" */ = {
			isa = XCRemoteSwiftPackageReference;
			repositoryURL = "https://github.com/ivanvorobei/SPIndicator";
			requirement = {
				branch = main;
				kind = branch;
			};
		};
/* End XCRemoteSwiftPackageReference section */

/* Begin XCSwiftPackageProductDependency section */
		04F854DF28893B8100FA0434 /* SPIndicator */ = {
			isa = XCSwiftPackageProductDependency;
			package = 04F854DE28893B8100FA0434 /* XCRemoteSwiftPackageReference "SPIndicator" */;
			productName = SPIndicator;
		};
/* End XCSwiftPackageProductDependency section */
	};
	rootObject = 04813EC3285330FE0083DDF1 /* Project object */;
}
